{
  "object": {
    "pins": [
      {
        "package": "libfdb-swift",
        "repositoryURL": "https://github.com/FoundationDB/fdb-swift-c-packaging",
        "state": {
          "branch": "master",
          "revision": "70264741f8a9b6c8b30746611658f82e78aca8a2",
          "version": null
        }
      },
      {
        "package": "swift-nio",
        "repositoryURL": "https://github.com/apple/swift-nio",
        "state": {
          "branch": null,
          "revision": "cf08e673dc41dc63d34065234c8fc432e8d334c4",
          "version": "1.9.2"
        }
      },
      {
        "package": "swift-nio-zlib-support",
        "repositoryURL": "https://github.com/apple/swift-nio-zlib-support.git",
        "state": {
          "branch": null,
          "revision": "37760e9a52030bb9011972c5213c3350fa9d41fd",
          "version": "1.0.0"
        }
      }
    ]
  },
  "version": 1
}
