{
  "object": {
    "pins": [
      {
        "package": "libfdb-swift",
        "repositoryURL": "https://github.com/FoundationDB/fdb-swift-c-packaging",
        "state": {
          "branch": "main",
          "revision": "46a7f29471ae73aa8f21fb1839703fc62420da23",
          "version": null
        }
      },
      {
        "package": "swift-nio",
        "repositoryURL": "https://github.com/apple/swift-nio",
        "state": {
          "branch": null,
          "revision": "546610d52b19be3e19935e0880bb06b9c03f5cef",
          "version": "1.14.4"
        }
      },
      {
        "package": "swift-nio-zlib-support",
        "repositoryURL": "https://github.com/apple/swift-nio-zlib-support.git",
        "state": {
          "branch": null,
          "revision": "37760e9a52030bb9011972c5213c3350fa9d41fd",
          "version": "1.0.0"
        }
      }
    ]
  },
  "version": 1
}
